
Microsoft Visual Studio Solution File, Format Version 12.00
# Visual Studio Version 17
VisualStudioVersion = 17.11.35312.102
MinimumVisualStudioVersion = 10.0.40219.1
Project("{FAE04EC0-301F-11D3-BF4B-00C04F79EFBC}") = "BoardGame_Ass2", "BoardGame_Ass2\BoardGame_Ass2.csproj", "{D9B7B187-ADAA-442D-8477-468EA38ADE36}"
EndProject
Global
	GlobalSection(SolutionConfigurationPlatforms) = preSolution
		Debug|Any CPU = Debug|Any CPU
		Release|Any CPU = Release|Any CPU
	EndGlobalSection
	GlobalSection(ProjectConfigurationPlatforms) = postSolution
		{D9B7B187-ADAA-442D-8477-468EA38ADE36}.Debug|Any CPU.ActiveCfg = Debug|Any CPU
		{D9B7B187-ADAA-442D-8477-468EA38ADE36}.Debug|Any CPU.Build.0 = Debug|Any CPU
		{D9B7B187-ADAA-442D-8477-468EA38ADE36}.Release|Any CPU.ActiveCfg = Release|Any CPU
		{D9B7B187-ADAA-442D-8477-468EA38ADE36}.Release|Any CPU.Build.0 = Release|Any CPU
	EndGlobalSection
	GlobalSection(SolutionProperties) = preSolution
		HideSolutionNode = FALSE
	EndGlobalSection
	GlobalSection(ExtensibilityGlobals) = postSolution
		SolutionGuid = {B7602A17-9894-4368-8D06-F5117AB5283A}
	EndGlobalSection
EndGlobal
